
Microsoft Visual Studio Solution File, Format Version 12.00
# Visual Studio Version 17
VisualStudioVersion = 17.14.36518.9
MinimumVisualStudioVersion = 10.0.40219.1
Project("{2150E333-8FDC-42A3-9474-1A3956D46DE8}") = "Task0", "Task0", "{36D591C7-65C7-A0D1-1CBC-10CDE441BDC8}"
EndProject
Project("{FAE04EC0-301F-11D3-BF4B-00C04F79EFBC}") = "Tyuiu.PuzyrevIV.Sprint1.Task0.V7", "Tyuiu.PuzyrevIV.Sprint1.Task0.V7\Tyuiu.PuzyrevIV.Sprint1.Task0.V7.csproj", "{664EBB89-506C-4D1F-B9FF-C194607085B7}"
EndProject
Project("{FAE04EC0-301F-11D3-BF4B-00C04F79EFBC}") = "Tyuiu.PuzyrevIV.Sprint1.Task0.V7.Lib", "Tyuiu.PuzyrevIV.Sprint1.Task0.V7.Lib\Tyuiu.PuzyrevIV.Sprint1.Task0.V7.Lib.csproj", "{80CCBD54-908B-421F-8070-E35E73D6D3FD}"
EndProject
Project("{FAE04EC0-301F-11D3-BF4B-00C04F79EFBC}") = "Tyuiu.PuzyrevIV.Sprint1.Task0.V7.Test", "Tyuiu.PuzyrevIV.Sprint1.Task0.V7.Test\Tyuiu.PuzyrevIV.Sprint1.Task0.V7.Test.csproj", "{73FA54D4-9C42-4F2D-9DBF-816E68D716C9}"
EndProject
Project("{2150E333-8FDC-42A3-9474-1A3956D46DE8}") = "Task1", "Task1", "{8445A06E-ECB4-4654-9F29-D84D842CEFED}"
EndProject
Project("{FAE04EC0-301F-11D3-BF4B-00C04F79EFBC}") = "Tyuiu.PuzyrevIV.Sprint1.Task1.V15", "Tyuiu.PuzyrevIV.Sprint1.Task1.V15\Tyuiu.PuzyrevIV.Sprint1.Task1.V15.csproj", "{5C12E74F-0332-4B97-8489-A4A9A73958E2}"
EndProject
Project("{FAE04EC0-301F-11D3-BF4B-00C04F79EFBC}") = "Tyuiu.PuzyrevIV.Sprint1.Task1.V15.Lib", "Tyuiu.PuzyrevIV.Sprint1.Task1.V15.Lib\Tyuiu.PuzyrevIV.Sprint1.Task1.V15.Lib.csproj", "{6302CA1C-B761-4F49-95B9-787B3317D850}"
EndProject
Project("{FAE04EC0-301F-11D3-BF4B-00C04F79EFBC}") = "Tyuiu.PuzyrevIV.Sprint1.Task1.V15.Test", "Tyuiu.PuzyrevIV.Sprint1.Task1.V15.Test\Tyuiu.PuzyrevIV.Sprint1.Task1.V15.Test.csproj", "{0A5852B4-4E58-4F39-BB48-1DC5AF63BBD5}"
EndProject
Global
	GlobalSection(SolutionConfigurationPlatforms) = preSolution
		Debug|Any CPU = Debug|Any CPU
		Release|Any CPU = Release|Any CPU
	EndGlobalSection
	GlobalSection(ProjectConfigurationPlatforms) = postSolution
		{664EBB89-506C-4D1F-B9FF-C194607085B7}.Debug|Any CPU.ActiveCfg = Debug|Any CPU
		{664EBB89-506C-4D1F-B9FF-C194607085B7}.Debug|Any CPU.Build.0 = Debug|Any CPU
		{664EBB89-506C-4D1F-B9FF-C194607085B7}.Release|Any CPU.ActiveCfg = Release|Any CPU
		{664EBB89-506C-4D1F-B9FF-C194607085B7}.Release|Any CPU.Build.0 = Release|Any CPU
		{80CCBD54-908B-421F-8070-E35E73D6D3FD}.Debug|Any CPU.ActiveCfg = Debug|Any CPU
		{80CCBD54-908B-421F-8070-E35E73D6D3FD}.Debug|Any CPU.Build.0 = Debug|Any CPU
		{80CCBD54-908B-421F-8070-E35E73D6D3FD}.Release|Any CPU.ActiveCfg = Release|Any CPU
		{80CCBD54-908B-421F-8070-E35E73D6D3FD}.Release|Any CPU.Build.0 = Release|Any CPU
		{73FA54D4-9C42-4F2D-9DBF-816E68D716C9}.Debug|Any CPU.ActiveCfg = Debug|Any CPU
		{73FA54D4-9C42-4F2D-9DBF-816E68D716C9}.Debug|Any CPU.Build.0 = Debug|Any CPU
		{73FA54D4-9C42-4F2D-9DBF-816E68D716C9}.Release|Any CPU.ActiveCfg = Release|Any CPU
		{73FA54D4-9C42-4F2D-9DBF-816E68D716C9}.Release|Any CPU.Build.0 = Release|Any CPU
		{5C12E74F-0332-4B97-8489-A4A9A73958E2}.Debug|Any CPU.ActiveCfg = Debug|Any CPU
		{5C12E74F-0332-4B97-8489-A4A9A73958E2}.Debug|Any CPU.Build.0 = Debug|Any CPU
		{5C12E74F-0332-4B97-8489-A4A9A73958E2}.Release|Any CPU.ActiveCfg = Release|Any CPU
		{5C12E74F-0332-4B97-8489-A4A9A73958E2}.Release|Any CPU.Build.0 = Release|Any CPU
		{6302CA1C-B761-4F49-95B9-787B3317D850}.Debug|Any CPU.ActiveCfg = Debug|Any CPU
		{6302CA1C-B761-4F49-95B9-787B3317D850}.Debug|Any CPU.Build.0 = Debug|Any CPU
		{6302CA1C-B761-4F49-95B9-787B3317D850}.Release|Any CPU.ActiveCfg = Release|Any CPU
		{6302CA1C-B761-4F49-95B9-787B3317D850}.Release|Any CPU.Build.0 = Release|Any CPU
		{0A5852B4-4E58-4F39-BB48-1DC5AF63BBD5}.Debug|Any CPU.ActiveCfg = Debug|Any CPU
		{0A5852B4-4E58-4F39-BB48-1DC5AF63BBD5}.Debug|Any CPU.Build.0 = Debug|Any CPU
		{0A5852B4-4E58-4F39-BB48-1DC5AF63BBD5}.Release|Any CPU.ActiveCfg = Release|Any CPU
		{0A5852B4-4E58-4F39-BB48-1DC5AF63BBD5}.Release|Any CPU.Build.0 = Release|Any CPU
	EndGlobalSection
	GlobalSection(SolutionProperties) = preSolution
		HideSolutionNode = FALSE
	EndGlobalSection
	GlobalSection(NestedProjects) = preSolution
		{664EBB89-506C-4D1F-B9FF-C194607085B7} = {36D591C7-65C7-A0D1-1CBC-10CDE441BDC8}
		{80CCBD54-908B-421F-8070-E35E73D6D3FD} = {36D591C7-65C7-A0D1-1CBC-10CDE441BDC8}
		{73FA54D4-9C42-4F2D-9DBF-816E68D716C9} = {36D591C7-65C7-A0D1-1CBC-10CDE441BDC8}
		{5C12E74F-0332-4B97-8489-A4A9A73958E2} = {8445A06E-ECB4-4654-9F29-D84D842CEFED}
		{6302CA1C-B761-4F49-95B9-787B3317D850} = {8445A06E-ECB4-4654-9F29-D84D842CEFED}
		{0A5852B4-4E58-4F39-BB48-1DC5AF63BBD5} = {8445A06E-ECB4-4654-9F29-D84D842CEFED}
	EndGlobalSection
	GlobalSection(ExtensibilityGlobals) = postSolution
		SolutionGuid = {72B5E75F-56FA-4C92-8A0A-718D78D1D287}
	EndGlobalSection
EndGlobal
